// !$*UTF8*$!
{
	archiveVersion = 1;
	classes = {
	};
	objectVersion = 56;
	objects = {

/* Begin PBXBuildFile section */
		128A335B2C47F05B00AA60C2 /* AppDelegate.swift in Sources */ = {isa = PBXBuildFile; fileRef = 128A335A2C47F05B00AA60C2 /* AppDelegate.swift */; };
		128A335D2C47F05B00AA60C2 /* SceneDelegate.swift in Sources */ = {isa = PBXBuildFile; fileRef = 128A335C2C47F05B00AA60C2 /* SceneDelegate.swift */; };
		128A33642C47F05C00AA60C2 /* Assets.xcassets in Resources */ = {isa = PBXBuildFile; fileRef = 128A33632C47F05C00AA60C2 /* Assets.xcassets */; };
		128A33672C47F05C00AA60C2 /* Base in Resources */ = {isa = PBXBuildFile; fileRef = 128A33662C47F05C00AA60C2 /* Base */; };
		12C1DD0B2C47F58100ABB58F /* CharactersListViewController.swift in Sources */ = {isa = PBXBuildFile; fileRef = 12C1DD0A2C47F58100ABB58F /* CharactersListViewController.swift */; };
		12C1DD102C47F5FF00ABB58F /* CharactersListView.swift in Sources */ = {isa = PBXBuildFile; fileRef = 12C1DD0F2C47F5FF00ABB58F /* CharactersListView.swift */; };
		12C1DD132C4815B000ABB58F /* CharacterCell.swift in Sources */ = {isa = PBXBuildFile; fileRef = 12C1DD122C4815B000ABB58F /* CharacterCell.swift */; };
		12C1DD162C48433600ABB58F /* UIStackView + Extensions.swift in Sources */ = {isa = PBXBuildFile; fileRef = 12C1DD152C48433600ABB58F /* UIStackView + Extensions.swift */; };
		12C1DD1B2C486AEA00ABB58F /* NetworkService.swift in Sources */ = {isa = PBXBuildFile; fileRef = 12C1DD1A2C486AEA00ABB58F /* NetworkService.swift */; };
		12C1DD1D2C486B2F00ABB58F /* Character.swift in Sources */ = {isa = PBXBuildFile; fileRef = 12C1DD1C2C486B2F00ABB58F /* Character.swift */; };
/* End PBXBuildFile section */

/* Begin PBXFileReference section */
		128A33572C47F05B00AA60C2 /* RickAndMorty.app */ = {isa = PBXFileReference; explicitFileType = wrapper.application; includeInIndex = 0; path = RickAndMorty.app; sourceTree = BUILT_PRODUCTS_DIR; };
		128A335A2C47F05B00AA60C2 /* AppDelegate.swift */ = {isa = PBXFileReference; lastKnownFileType = sourcecode.swift; path = AppDelegate.swift; sourceTree = "<group>"; };
		128A335C2C47F05B00AA60C2 /* SceneDelegate.swift */ = {isa = PBXFileReference; lastKnownFileType = sourcecode.swift; path = SceneDelegate.swift; sourceTree = "<group>"; };
		128A33632C47F05C00AA60C2 /* Assets.xcassets */ = {isa = PBXFileReference; lastKnownFileType = folder.assetcatalog; path = Assets.xcassets; sourceTree = "<group>"; };
		128A33662C47F05C00AA60C2 /* Base */ = {isa = PBXFileReference; lastKnownFileType = file.storyboard; name = Base; path = Base.lproj/LaunchScreen.storyboard; sourceTree = "<group>"; };
		128A33682C47F05C00AA60C2 /* Info.plist */ = {isa = PBXFileReference; lastKnownFileType = text.plist.xml; name = Info.plist; path = RickAndMorty/Resources/Info.plist; sourceTree = SOURCE_ROOT; };
		12C1DD0A2C47F58100ABB58F /* CharactersListViewController.swift */ = {isa = PBXFileReference; lastKnownFileType = sourcecode.swift; path = CharactersListViewController.swift; sourceTree = "<group>"; };
		12C1DD0F2C47F5FF00ABB58F /* CharactersListView.swift */ = {isa = PBXFileReference; lastKnownFileType = sourcecode.swift; path = CharactersListView.swift; sourceTree = "<group>"; };
		12C1DD122C4815B000ABB58F /* CharacterCell.swift */ = {isa = PBXFileReference; lastKnownFileType = sourcecode.swift; path = CharacterCell.swift; sourceTree = "<group>"; };
		12C1DD152C48433600ABB58F /* UIStackView + Extensions.swift */ = {isa = PBXFileReference; lastKnownFileType = sourcecode.swift; path = "UIStackView + Extensions.swift"; sourceTree = "<group>"; };
		12C1DD1A2C486AEA00ABB58F /* NetworkService.swift */ = {isa = PBXFileReference; lastKnownFileType = sourcecode.swift; path = NetworkService.swift; sourceTree = "<group>"; };
		12C1DD1C2C486B2F00ABB58F /* Character.swift */ = {isa = PBXFileReference; lastKnownFileType = sourcecode.swift; path = Character.swift; sourceTree = "<group>"; };
/* End PBXFileReference section */

/* Begin PBXFrameworksBuildPhase section */
		128A33542C47F05B00AA60C2 /* Frameworks */ = {
			isa = PBXFrameworksBuildPhase;
			buildActionMask = 2147483647;
			files = (
			);
			runOnlyForDeploymentPostprocessing = 0;
		};
/* End PBXFrameworksBuildPhase section */

/* Begin PBXGroup section */
		123BDE4A2C47F19C00CFCC86 /* Application */ = {
			isa = PBXGroup;
			children = (
				128A335A2C47F05B00AA60C2 /* AppDelegate.swift */,
				128A335C2C47F05B00AA60C2 /* SceneDelegate.swift */,
			);
			path = Application;
			sourceTree = "<group>";
		};
		123BDE4B2C47F1D900CFCC86 /* Resources */ = {
			isa = PBXGroup;
			children = (
				128A33632C47F05C00AA60C2 /* Assets.xcassets */,
				128A33652C47F05C00AA60C2 /* LaunchScreen.storyboard */,
				128A33682C47F05C00AA60C2 /* Info.plist */,
			);
			path = Resources;
			sourceTree = "<group>";
		};
		128A334E2C47F05B00AA60C2 = {
			isa = PBXGroup;
			children = (
				128A33592C47F05B00AA60C2 /* RickAndMorty */,
				128A33582C47F05B00AA60C2 /* Products */,
			);
			sourceTree = "<group>";
		};
		128A33582C47F05B00AA60C2 /* Products */ = {
			isa = PBXGroup;
			children = (
				128A33572C47F05B00AA60C2 /* RickAndMorty.app */,
			);
			name = Products;
			sourceTree = "<group>";
		};
		128A33592C47F05B00AA60C2 /* RickAndMorty */ = {
			isa = PBXGroup;
			children = (
				123BDE4A2C47F19C00CFCC86 /* Application */,
				12C1DD172C486A7700ABB58F /* Services */,
				12C1DD1E2C48809F00ABB58F /* CharactersListModule */,
				12C1DD142C4842FD00ABB58F /* Extensions */,
				123BDE4B2C47F1D900CFCC86 /* Resources */,
			);
			path = RickAndMorty;
			sourceTree = "<group>";
		};
		12C1DD0C2C47F58900ABB58F /* View */ = {
			isa = PBXGroup;
			children = (
				12C1DD112C4815A000ABB58F /* Cell */,
				12C1DD0F2C47F5FF00ABB58F /* CharactersListView.swift */,
			);
			path = View;
			sourceTree = "<group>";
		};
		12C1DD0D2C47F59400ABB58F /* Controller */ = {
			isa = PBXGroup;
			children = (
				12C1DD0A2C47F58100ABB58F /* CharactersListViewController.swift */,
			);
			path = Controller;
			sourceTree = "<group>";
		};
		12C1DD0E2C47F5C600ABB58F /* Model */ = {
			isa = PBXGroup;
			children = (
				12C1DD1C2C486B2F00ABB58F /* Character.swift */,
			);
			path = Model;
			sourceTree = "<group>";
		};
		12C1DD112C4815A000ABB58F /* Cell */ = {
			isa = PBXGroup;
			children = (
				12C1DD122C4815B000ABB58F /* CharacterCell.swift */,
			);
			path = Cell;
			sourceTree = "<group>";
		};
		12C1DD142C4842FD00ABB58F /* Extensions */ = {
			isa = PBXGroup;
			children = (
				12C1DD152C48433600ABB58F /* UIStackView + Extensions.swift */,
			);
			path = Extensions;
			sourceTree = "<group>";
		};
		12C1DD172C486A7700ABB58F /* Services */ = {
			isa = PBXGroup;
			children = (
				12C1DD1A2C486AEA00ABB58F /* NetworkService.swift */,
			);
			path = Services;
			sourceTree = "<group>";
		};
		12C1DD1E2C48809F00ABB58F /* CharactersListModule */ = {
			isa = PBXGroup;
			children = (
				12C1DD0E2C47F5C600ABB58F /* Model */,
				12C1DD0C2C47F58900ABB58F /* View */,
				12C1DD0D2C47F59400ABB58F /* Controller */,
			);
			path = CharactersListModule;
			sourceTree = "<group>";
		};
/* End PBXGroup section */

/* Begin PBXNativeTarget section */
		128A33562C47F05B00AA60C2 /* RickAndMorty */ = {
			isa = PBXNativeTarget;
			buildConfigurationList = 128A336B2C47F05C00AA60C2 /* Build configuration list for PBXNativeTarget "RickAndMorty" */;
			buildPhases = (
				128A33532C47F05B00AA60C2 /* Sources */,
				128A33542C47F05B00AA60C2 /* Frameworks */,
				128A33552C47F05B00AA60C2 /* Resources */,
			);
			buildRules = (
			);
			dependencies = (
			);
			name = RickAndMorty;
			productName = RickAndMorty;
			productReference = 128A33572C47F05B00AA60C2 /* RickAndMorty.app */;
			productType = "com.apple.product-type.application";
		};
/* End PBXNativeTarget section */

/* Begin PBXProject section */
		128A334F2C47F05B00AA60C2 /* Project object */ = {
			isa = PBXProject;
			attributes = {
				BuildIndependentTargetsInParallel = 1;
				LastSwiftUpdateCheck = 1530;
				LastUpgradeCheck = 1530;
				TargetAttributes = {
					128A33562C47F05B00AA60C2 = {
						CreatedOnToolsVersion = 15.3;
					};
				};
			};
			buildConfigurationList = 128A33522C47F05B00AA60C2 /* Build configuration list for PBXProject "RickAndMorty" */;
			compatibilityVersion = "Xcode 14.0";
			developmentRegion = en;
			hasScannedForEncodings = 0;
			knownRegions = (
				en,
				Base,
			);
			mainGroup = 128A334E2C47F05B00AA60C2;
			productRefGroup = 128A33582C47F05B00AA60C2 /* Products */;
			projectDirPath = "";
			projectRoot = "";
			targets = (
				128A33562C47F05B00AA60C2 /* RickAndMorty */,
			);
		};
/* End PBXProject section */

/* Begin PBXResourcesBuildPhase section */
		128A33552C47F05B00AA60C2 /* Resources */ = {
			isa = PBXResourcesBuildPhase;
			buildActionMask = 2147483647;
			files = (
				128A33642C47F05C00AA60C2 /* Assets.xcassets in Resources */,
				128A33672C47F05C00AA60C2 /* Base in Resources */,
			);
			runOnlyForDeploymentPostprocessing = 0;
		};
/* End PBXResourcesBuildPhase section */

/* Begin PBXSourcesBuildPhase section */
		128A33532C47F05B00AA60C2 /* Sources */ = {
			isa = PBXSourcesBuildPhase;
			buildActionMask = 2147483647;
			files = (
				12C1DD132C4815B000ABB58F /* CharacterCell.swift in Sources */,
				12C1DD162C48433600ABB58F /* UIStackView + Extensions.swift in Sources */,
				128A335B2C47F05B00AA60C2 /* AppDelegate.swift in Sources */,
				128A335D2C47F05B00AA60C2 /* SceneDelegate.swift in Sources */,
				12C1DD102C47F5FF00ABB58F /* CharactersListView.swift in Sources */,
				12C1DD0B2C47F58100ABB58F /* CharactersListViewController.swift in Sources */,
				12C1DD1B2C486AEA00ABB58F /* NetworkService.swift in Sources */,
				12C1DD1D2C486B2F00ABB58F /* Character.swift in Sources */,
			);
			runOnlyForDeploymentPostprocessing = 0;
		};
/* End PBXSourcesBuildPhase section */

/* Begin PBXVariantGroup section */
		128A33652C47F05C00AA60C2 /* LaunchScreen.storyboard */ = {
			isa = PBXVariantGroup;
			children = (
				128A33662C47F05C00AA60C2 /* Base */,
			);
			name = LaunchScreen.storyboard;
			sourceTree = "<group>";
		};
/* End PBXVariantGroup section */

/* Begin XCBuildConfiguration section */
		128A33692C47F05C00AA60C2 /* Debug */ = {
			isa = XCBuildConfiguration;
			buildSettings = {
				ALWAYS_SEARCH_USER_PATHS = NO;
				ASSETCATALOG_COMPILER_GENERATE_SWIFT_ASSET_SYMBOL_EXTENSIONS = YES;
				CLANG_ANALYZER_NONNULL = YES;
				CLANG_ANALYZER_NUMBER_OBJECT_CONVERSION = YES_AGGRESSIVE;
				CLANG_CXX_LANGUAGE_STANDARD = "gnu++20";
				CLANG_ENABLE_MODULES = YES;
				CLANG_ENABLE_OBJC_ARC = YES;
				CLANG_ENABLE_OBJC_WEAK = YES;
				CLANG_WARN_BLOCK_CAPTURE_AUTORELEASING = YES;
				CLANG_WARN_BOOL_CONVERSION = YES;
				CLANG_WARN_COMMA = YES;
				CLANG_WARN_CONSTANT_CONVERSION = YES;
				CLANG_WARN_DEPRECATED_OBJC_IMPLEMENTATIONS = YES;
				CLANG_WARN_DIRECT_OBJC_ISA_USAGE = YES_ERROR;
				CLANG_WARN_DOCUMENTATION_COMMENTS = YES;
				CLANG_WARN_EMPTY_BODY = YES;
				CLANG_WARN_ENUM_CONVERSION = YES;
				CLANG_WARN_INFINITE_RECURSION = YES;
				CLANG_WARN_INT_CONVERSION = YES;
				CLANG_WARN_NON_LITERAL_NULL_CONVERSION = YES;
				CLANG_WARN_OBJC_IMPLICIT_RETAIN_SELF = YES;
				CLANG_WARN_OBJC_LITERAL_CONVERSION = YES;
				CLANG_WARN_OBJC_ROOT_CLASS = YES_ERROR;
				CLANG_WARN_QUOTED_INCLUDE_IN_FRAMEWORK_HEADER = YES;
				CLANG_WARN_RANGE_LOOP_ANALYSIS = YES;
				CLANG_WARN_STRICT_PROTOTYPES = YES;
				CLANG_WARN_SUSPICIOUS_MOVE = YES;
				CLANG_WARN_UNGUARDED_AVAILABILITY = YES_AGGRESSIVE;
				CLANG_WARN_UNREACHABLE_CODE = YES;
				CLANG_WARN__DUPLICATE_METHOD_MATCH = YES;
				COPY_PHASE_STRIP = NO;
				DEBUG_INFORMATION_FORMAT = dwarf;
				ENABLE_STRICT_OBJC_MSGSEND = YES;
				ENABLE_TESTABILITY = YES;
				ENABLE_USER_SCRIPT_SANDBOXING = YES;
				GCC_C_LANGUAGE_STANDARD = gnu17;
				GCC_DYNAMIC_NO_PIC = NO;
				GCC_NO_COMMON_BLOCKS = YES;
				GCC_OPTIMIZATION_LEVEL = 0;
				GCC_PREPROCESSOR_DEFINITIONS = (
					"DEBUG=1",
					"$(inherited)",
				);
				GCC_WARN_64_TO_32_BIT_CONVERSION = YES;
				GCC_WARN_ABOUT_RETURN_TYPE = YES_ERROR;
				GCC_WARN_UNDECLARED_SELECTOR = YES;
				GCC_WARN_UNINITIALIZED_AUTOS = YES_AGGRESSIVE;
				GCC_WARN_UNUSED_FUNCTION = YES;
				GCC_WARN_UNUSED_VARIABLE = YES;
				IPHONEOS_DEPLOYMENT_TARGET = 17.4;
				LOCALIZATION_PREFERS_STRING_CATALOGS = YES;
				MTL_ENABLE_DEBUG_INFO = INCLUDE_SOURCE;
				MTL_FAST_MATH = YES;
				ONLY_ACTIVE_ARCH = YES;
				SDKROOT = iphoneos;
				SWIFT_ACTIVE_COMPILATION_CONDITIONS = "DEBUG $(inherited)";
				SWIFT_OPTIMIZATION_LEVEL = "-Onone";
			};
			name = Debug;
		};
		128A336A2C47F05C00AA60C2 /* Release */ = {
			isa = XCBuildConfiguration;
			buildSettings = {
				ALWAYS_SEARCH_USER_PATHS = NO;
				ASSETCATALOG_COMPILER_GENERATE_SWIFT_ASSET_SYMBOL_EXTENSIONS = YES;
				CLANG_ANALYZER_NONNULL = YES;
				CLANG_ANALYZER_NUMBER_OBJECT_CONVERSION = YES_AGGRESSIVE;
				CLANG_CXX_LANGUAGE_STANDARD = "gnu++20";
				CLANG_ENABLE_MODULES = YES;
				CLANG_ENABLE_OBJC_ARC = YES;
				CLANG_ENABLE_OBJC_WEAK = YES;
				CLANG_WARN_BLOCK_CAPTURE_AUTORELEASING = YES;
				CLANG_WARN_BOOL_CONVERSION = YES;
				CLANG_WARN_COMMA = YES;
				CLANG_WARN_CONSTANT_CONVERSION = YES;
				CLANG_WARN_DEPRECATED_OBJC_IMPLEMENTATIONS = YES;
				CLANG_WARN_DIRECT_OBJC_ISA_USAGE = YES_ERROR;
				CLANG_WARN_DOCUMENTATION_COMMENTS = YES;
				CLANG_WARN_EMPTY_BODY = YES;
				CLANG_WARN_ENUM_CONVERSION = YES;
				CLANG_WARN_INFINITE_RECURSION = YES;
				CLANG_WARN_INT_CONVERSION = YES;
				CLANG_WARN_NON_LITERAL_NULL_CONVERSION = YES;
				CLANG_WARN_OBJC_IMPLICIT_RETAIN_SELF = YES;
				CLANG_WARN_OBJC_LITERAL_CONVERSION = YES;
				CLANG_WARN_OBJC_ROOT_CLASS = YES_ERROR;
				CLANG_WARN_QUOTED_INCLUDE_IN_FRAMEWORK_HEADER = YES;
				CLANG_WARN_RANGE_LOOP_ANALYSIS = YES;
				CLANG_WARN_STRICT_PROTOTYPES = YES;
				CLANG_WARN_SUSPICIOUS_MOVE = YES;
				CLANG_WARN_UNGUARDED_AVAILABILITY = YES_AGGRESSIVE;
				CLANG_WARN_UNREACHABLE_CODE = YES;
				CLANG_WARN__DUPLICATE_METHOD_MATCH = YES;
				COPY_PHASE_STRIP = NO;
				DEBUG_INFORMATION_FORMAT = "dwarf-with-dsym";
				ENABLE_NS_ASSERTIONS = NO;
				ENABLE_STRICT_OBJC_MSGSEND = YES;
				ENABLE_USER_SCRIPT_SANDBOXING = YES;
				GCC_C_LANGUAGE_STANDARD = gnu17;
				GCC_NO_COMMON_BLOCKS = YES;
				GCC_WARN_64_TO_32_BIT_CONVERSION = YES;
				GCC_WARN_ABOUT_RETURN_TYPE = YES_ERROR;
				GCC_WARN_UNDECLARED_SELECTOR = YES;
				GCC_WARN_UNINITIALIZED_AUTOS = YES_AGGRESSIVE;
				GCC_WARN_UNUSED_FUNCTION = YES;
				GCC_WARN_UNUSED_VARIABLE = YES;
				IPHONEOS_DEPLOYMENT_TARGET = 17.4;
				LOCALIZATION_PREFERS_STRING_CATALOGS = YES;
				MTL_ENABLE_DEBUG_INFO = NO;
				MTL_FAST_MATH = YES;
				SDKROOT = iphoneos;
				SWIFT_COMPILATION_MODE = wholemodule;
				VALIDATE_PRODUCT = YES;
			};
			name = Release;
		};
		128A336C2C47F05C00AA60C2 /* Debug */ = {
			isa = XCBuildConfiguration;
			buildSettings = {
				ASSETCATALOG_COMPILER_APPICON_NAME = AppIcon;
				ASSETCATALOG_COMPILER_GLOBAL_ACCENT_COLOR_NAME = AccentColor;
				CODE_SIGN_STYLE = Automatic;
				CURRENT_PROJECT_VERSION = 1;
				DEVELOPMENT_TEAM = UJRW24XH5L;
				GENERATE_INFOPLIST_FILE = YES;
				INFOPLIST_FILE = RickAndMorty/Resources/Info.plist;
				INFOPLIST_KEY_UIApplicationSupportsIndirectInputEvents = YES;
				INFOPLIST_KEY_UILaunchStoryboardName = LaunchScreen;
				INFOPLIST_KEY_UISupportedInterfaceOrientations = UIInterfaceOrientationPortrait;
				LD_RUNPATH_SEARCH_PATHS = (
					"$(inherited)",
					"@executable_path/Frameworks",
				);
				MARKETING_VERSION = 1.0;
				PRODUCT_BUNDLE_IDENTIFIER = com.koddek.RickAndMorty;
				PRODUCT_NAME = "$(TARGET_NAME)";
				SUPPORTED_PLATFORMS = "iphoneos iphonesimulator";
				SUPPORTS_MACCATALYST = NO;
				SUPPORTS_MAC_DESIGNED_FOR_IPHONE_IPAD = NO;
				SUPPORTS_XR_DESIGNED_FOR_IPHONE_IPAD = NO;
				SWIFT_EMIT_LOC_STRINGS = YES;
				SWIFT_VERSION = 5.0;
				TARGETED_DEVICE_FAMILY = 1;
			};
			name = Debug;
		};
		128A336D2C47F05C00AA60C2 /* Release */ = {
			isa = XCBuildConfiguration;
			buildSettings = {
				ASSETCATALOG_COMPILER_APPICON_NAME = AppIcon;
				ASSETCATALOG_COMPILER_GLOBAL_ACCENT_COLOR_NAME = AccentColor;
				CODE_SIGN_STYLE = Automatic;
				CURRENT_PROJECT_VERSION = 1;
				DEVELOPMENT_TEAM = UJRW24XH5L;
				GENERATE_INFOPLIST_FILE = YES;
				INFOPLIST_FILE = RickAndMorty/Resources/Info.plist;
				INFOPLIST_KEY_UIApplicationSupportsIndirectInputEvents = YES;
				INFOPLIST_KEY_UILaunchStoryboardName = LaunchScreen;
				INFOPLIST_KEY_UISupportedInterfaceOrientations = UIInterfaceOrientationPortrait;
				LD_RUNPATH_SEARCH_PATHS = (
					"$(inherited)",
					"@executable_path/Frameworks",
				);
				MARKETING_VERSION = 1.0;
				PRODUCT_BUNDLE_IDENTIFIER = com.koddek.RickAndMorty;
				PRODUCT_NAME = "$(TARGET_NAME)";
				SUPPORTED_PLATFORMS = "iphoneos iphonesimulator";
				SUPPORTS_MACCATALYST = NO;
				SUPPORTS_MAC_DESIGNED_FOR_IPHONE_IPAD = NO;
				SUPPORTS_XR_DESIGNED_FOR_IPHONE_IPAD = NO;
				SWIFT_EMIT_LOC_STRINGS = YES;
				SWIFT_VERSION = 5.0;
				TARGETED_DEVICE_FAMILY = 1;
			};
			name = Release;
		};
/* End XCBuildConfiguration section */

/* Begin XCConfigurationList section */
		128A33522C47F05B00AA60C2 /* Build configuration list for PBXProject "RickAndMorty" */ = {
			isa = XCConfigurationList;
			buildConfigurations = (
				128A33692C47F05C00AA60C2 /* Debug */,
				128A336A2C47F05C00AA60C2 /* Release */,
			);
			defaultConfigurationIsVisible = 0;
			defaultConfigurationName = Release;
		};
		128A336B2C47F05C00AA60C2 /* Build configuration list for PBXNativeTarget "RickAndMorty" */ = {
			isa = XCConfigurationList;
			buildConfigurations = (
				128A336C2C47F05C00AA60C2 /* Debug */,
				128A336D2C47F05C00AA60C2 /* Release */,
			);
			defaultConfigurationIsVisible = 0;
			defaultConfigurationName = Release;
		};
/* End XCConfigurationList section */
	};
	rootObject = 128A334F2C47F05B00AA60C2 /* Project object */;
}
